
Microsoft Visual Studio Solution File, Format Version 12.00
# Visual Studio 15
Project("{FAE04EC0-301F-11D3-BF4B-00C04F79EFBC}") = "Assembly-CSharp", "Assembly-CSharp.csproj", "{D0FFDCD4-BD96-0060-661C-FE589E100CD4}"
EndProject
Project("{FAE04EC0-301F-11D3-BF4B-00C04F79EFBC}") = "Assembly-CSharp-Editor", "Assembly-CSharp-Editor.csproj", "{D50463AE-354C-AC36-A8F9-61DA7FB3C6C5}"
EndProject
Global
	GlobalSection(SolutionConfigurationPlatforms) = preSolution
		Debug|Any CPU = Debug|Any CPU
		Release|Any CPU = Release|Any CPU
	EndGlobalSection
	GlobalSection(ProjectConfigurationPlatforms) = postSolution
		{D0FFDCD4-BD96-0060-661C-FE589E100CD4}.Debug|Any CPU.ActiveCfg = Debug|Any CPU
		{D0FFDCD4-BD96-0060-661C-FE589E100CD4}.Debug|Any CPU.Build.0 = Debug|Any CPU
		{D0FFDCD4-BD96-0060-661C-FE589E100CD4}.Release|Any CPU.ActiveCfg = Release|Any CPU
		{D0FFDCD4-BD96-0060-661C-FE589E100CD4}.Release|Any CPU.Build.0 = Release|Any CPU
		{D50463AE-354C-AC36-A8F9-61DA7FB3C6C5}.Debug|Any CPU.ActiveCfg = Debug|Any CPU
		{D50463AE-354C-AC36-A8F9-61DA7FB3C6C5}.Debug|Any CPU.Build.0 = Debug|Any CPU
		{D50463AE-354C-AC36-A8F9-61DA7FB3C6C5}.Release|Any CPU.ActiveCfg = Release|Any CPU
		{D50463AE-354C-AC36-A8F9-61DA7FB3C6C5}.Release|Any CPU.Build.0 = Release|Any CPU
	EndGlobalSection
	GlobalSection(SolutionProperties) = preSolution
		HideSolutionNode = FALSE
	EndGlobalSection
EndGlobal
